{
  "R": {
    "Version": "4.4.2",
    "Repositories": [
      {
        "Name": "CRAN",
        "URL": "https://cran.rstudio.com"
      },
      {
        "Name": "CRANextra",
        "URL": "http://www.stats.ox.ac.uk/pub/RWin"
      }
    ]
  },
  "Packages": {
    "gmapsdistance": {
      "Package": "gmapsdistance",
      "Version": "4.0.5",
      "Source": "Repository",
      "Type": "Package",
      "Title": "Distance and Travel Time Between Two Points from Google Maps",
      "Date": "2025-01-11",
      "Authors@R": "c(person(given = c(\"Rodrigo\", \"Azuero\"), family = \"Melo\", role = \"aut\"), person(given = \"David\", family = \"Zarruk\", role = \"aut\"), person(given = \"Jindra\", family = \"Lacko\", role = \"cre\", email = \"jindra.lacko@gmail.com\", comment = c(ORCID = \"0000-0002-0375-5156\")))",
      "URL": "https://github.com/jlacko/gmapsdistance",
      "BugReports": "https://github.com/jlacko/gmapsdistance/issues",
      "Description": "Get distance and travel time between two points from Google Maps. Four possible modes of transportation (bicycling, walking, driving and public transportation).",
      "License": "GPL (>= 3)",
      "Imports": [
        "RCurl",
        "XML",
        "methods"
      ],
      "RoxygenNote": "7.3.2",
      "Encoding": "UTF-8",
      "Suggests": [
        "covr",
        "knitr",
        "rmarkdown",
        "vctrs",
        "testthat (>= 3.0.0)"
      ],
      "Config/testthat/edition": "3",
      "VignetteBuilder": "knitr",
      "NeedsCompilation": "no",
      "Author": "Rodrigo Azuero Melo [aut], David Zarruk [aut], Jindra Lacko [cre] (<https://orcid.org/0000-0002-0375-5156>)",
      "Maintainer": "Jindra Lacko <jindra.lacko@gmail.com>",
      "Repository": "CRAN"
    },
    "googleway": {
      "Package": "googleway",
      "Version": "2.7.8",
      "Source": "Repository",
      "Type": "Package",
      "Title": "Accesses Google Maps APIs to Retrieve Data and Plot Maps",
      "Date": "2023-08-22",
      "Authors@R": "c( person(\"David\", \"Cooley\", ,\"dcooley@symbolix.com.au\", role = c(\"aut\", \"cre\")), person(\"Paulo\", \"Barcelos\", role = \"ctb\", comment = \"Author of c++ decode_pl\"), person(\"Rstudio\", role = \"ctb\", comment = \"Functions written for the Leaflet pacakge\") )",
      "Description": "Provides a mechanism to plot a 'Google Map' from 'R' and overlay it with shapes and markers. Also provides access to 'Google Maps' APIs, including places, directions, roads, distances, geocoding, elevation and timezone.",
      "License": "MIT + file LICENSE",
      "LazyData": "TRUE",
      "Depends": [
        "R (>= 2.10.0)"
      ],
      "Imports": [
        "jsonlite (>= 0.9.20)",
        "curl",
        "htmlwidgets",
        "htmltools",
        "magrittr",
        "shiny",
        "jpeg",
        "utils",
        "jqr",
        "viridisLite",
        "scales",
        "grDevices",
        "googlePolylines (>= 0.7.1)"
      ],
      "RoxygenNote": "7.2.3",
      "BugReports": "https://github.com/SymbolixAU/googleway/issues",
      "Suggests": [
        "knitr",
        "rmarkdown",
        "testthat"
      ],
      "VignetteBuilder": "knitr",
      "Encoding": "UTF-8",
      "NeedsCompilation": "no",
      "Author": "David Cooley [aut, cre], Paulo Barcelos [ctb] (Author of c++ decode_pl), Rstudio [ctb] (Functions written for the Leaflet pacakge)",
      "Maintainer": "David Cooley <dcooley@symbolix.com.au>",
      "Repository": "CRAN"
    },
    "httr": {
      "Package": "httr",
      "Version": "1.4.7",
      "Source": "Repository",
      "Title": "Tools for Working with URLs and HTTP",
      "Authors@R": "c( person(\"Hadley\", \"Wickham\", , \"hadley@posit.co\", role = c(\"aut\", \"cre\")), person(\"Posit, PBC\", role = c(\"cph\", \"fnd\")) )",
      "Description": "Useful tools for working with HTTP organised by HTTP verbs (GET(), POST(), etc). Configuration functions make it easy to control additional request components (authenticate(), add_headers() and so on).",
      "License": "MIT + file LICENSE",
      "URL": "https://httr.r-lib.org/, https://github.com/r-lib/httr",
      "BugReports": "https://github.com/r-lib/httr/issues",
      "Depends": [
        "R (>= 3.5)"
      ],
      "Imports": [
        "curl (>= 5.0.2)",
        "jsonlite",
        "mime",
        "openssl (>= 0.8)",
        "R6"
      ],
      "Suggests": [
        "covr",
        "httpuv",
        "jpeg",
        "knitr",
        "png",
        "readr",
        "rmarkdown",
        "testthat (>= 0.8.0)",
        "xml2"
      ],
      "VignetteBuilder": "knitr",
      "Config/Needs/website": "tidyverse/tidytemplate",
      "Encoding": "UTF-8",
      "RoxygenNote": "7.2.3",
      "NeedsCompilation": "no",
      "Author": "Hadley Wickham [aut, cre], Posit, PBC [cph, fnd]",
      "Maintainer": "Hadley Wickham <hadley@posit.co>",
      "Repository": "CRAN"
    },
    "jsonlite": {
      "Package": "jsonlite",
      "Version": "2.0.0",
      "Source": "Repository",
      "Title": "A Simple and Robust JSON Parser and Generator for R",
      "License": "MIT + file LICENSE",
      "Depends": [
        "methods"
      ],
      "Authors@R": "c( person(\"Jeroen\", \"Ooms\", role = c(\"aut\", \"cre\"), email = \"jeroenooms@gmail.com\", comment = c(ORCID = \"0000-0002-4035-0289\")), person(\"Duncan\", \"Temple Lang\", role = \"ctb\"), person(\"Lloyd\", \"Hilaiel\", role = \"cph\", comment=\"author of bundled libyajl\"))",
      "URL": "https://jeroen.r-universe.dev/jsonlite https://arxiv.org/abs/1403.2805",
      "BugReports": "https://github.com/jeroen/jsonlite/issues",
      "Maintainer": "Jeroen Ooms <jeroenooms@gmail.com>",
      "VignetteBuilder": "knitr, R.rsp",
      "Description": "A reasonably fast JSON parser and generator, optimized for statistical  data and the web. Offers simple, flexible tools for working with JSON in R, and is particularly powerful for building pipelines and interacting with a web API.  The implementation is based on the mapping described in the vignette (Ooms, 2014). In addition to converting JSON data from/to R objects, 'jsonlite' contains  functions to stream, validate, and prettify JSON data. The unit tests included  with the package verify that all edge cases are encoded and decoded consistently  for use with dynamic data in systems and applications.",
      "Suggests": [
        "httr",
        "vctrs",
        "testthat",
        "knitr",
        "rmarkdown",
        "R.rsp",
        "sf"
      ],
      "RoxygenNote": "7.3.2",
      "Encoding": "UTF-8",
      "NeedsCompilation": "yes",
      "Author": "Jeroen Ooms [aut, cre] (<https://orcid.org/0000-0002-4035-0289>), Duncan Temple Lang [ctb], Lloyd Hilaiel [cph] (author of bundled libyajl)",
      "Repository": "CRAN"
    }
  }
}
