{
  "R": {
    "Version": "4.4.2",
    "Repositories": [
      {
        "Name": "CRAN",
        "URL": "https://cran.rstudio.com"
      },
      {
        "Name": "CRANextra",
        "URL": "http://www.stats.ox.ac.uk/pub/RWin"
      }
    ]
  },
  "Packages": {
    "RCurl": {
      "Package": "RCurl",
      "Version": "1.98-1.17",
      "Source": "Repository",
      "Title": "General Network (HTTP/FTP/...) Client Interface for R",
      "Authors@R": "c(person(\"CRAN Team\", role = c('ctb', 'cre'), email = \"CRAN@r-project.org\", comment = \"de facto maintainer since 2013\"), person(\"Duncan\", \"Temple Lang\", role = \"aut\", email = \"duncan@r-project.org\", comment = c(ORCID = \"0000-0003-0159-1546\")))",
      "SystemRequirements": "GNU make, libcurl",
      "Description": "A wrapper for 'libcurl' <https://curl.se/libcurl/> Provides functions to allow one to compose general HTTP requests and provides convenient functions to fetch URIs, get & post forms, etc. and process the results returned by the Web server. This provides a great deal of control over the HTTP/FTP/... connection and the form of the request while providing a higher-level interface than is available just using R socket connections.  Additionally, the underlying implementation is robust and extensive, supporting FTP/FTPS/TFTP (uploads and downloads), SSL/HTTPS, telnet, dict, ldap, and also supports cookies, redirects, authentication, etc.",
      "License": "BSD_3_clause + file LICENSE",
      "Depends": [
        "R (>= 3.4.0)",
        "methods"
      ],
      "Imports": [
        "bitops"
      ],
      "Suggests": [
        "XML"
      ],
      "Collate": "aclassesEnums.R bitClasses.R xbits.R base64.R binary.S classes.S curl.S curlAuthConstants.R curlEnums.R curlError.R curlInfo.S dynamic.R form.S getFormParams.R getURLContent.R header.R http.R httpError.R httpErrors.R iconv.R info.S mime.R multi.S options.S scp.R support.S upload.R urlExists.R zclone.R zzz.R",
      "NeedsCompilation": "yes",
      "Author": "CRAN Team [ctb, cre] (de facto maintainer since 2013), Duncan Temple Lang [aut] (<https://orcid.org/0000-0003-0159-1546>)",
      "Maintainer": "CRAN Team <CRAN@r-project.org>",
      "Repository": "CRAN"
    },
    "XML": {
      "Package": "XML",
      "Version": "3.99-0.18",
      "Source": "Repository",
      "Authors@R": "c(person(\"CRAN Team\", role = c('ctb', 'cre'), email = \"CRAN@r-project.org\", comment = \"de facto maintainer since 2013\"), person(\"Duncan\", \"Temple Lang\", role = c(\"aut\"), email = \"duncan@r-project.org\", comment = c(ORCID = \"0000-0003-0159-1546\")), person(\"Tomas\", \"Kalibera\", role = \"ctb\"))",
      "Title": "Tools for Parsing and Generating XML Within R and S-Plus",
      "Depends": [
        "R (>= 4.0.0)",
        "methods",
        "utils"
      ],
      "Suggests": [
        "bitops",
        "RCurl"
      ],
      "SystemRequirements": "libxml2 (>= 2.6.3)",
      "Description": "Many approaches for both reading and creating XML (and HTML) documents (including DTDs), both local and accessible via HTTP or FTP.  Also offers access to an 'XPath' \"interpreter\".",
      "URL": "https://www.omegahat.net/RSXML/",
      "License": "BSD_3_clause + file LICENSE",
      "Collate": "AAA.R DTD.R DTDClasses.R DTDRef.R SAXMethods.R XMLClasses.R applyDOM.R assignChild.R catalog.R createNode.R dynSupports.R error.R flatTree.R nodeAccessors.R parseDTD.R schema.R summary.R tangle.R toString.R tree.R version.R xmlErrorEnums.R xmlEventHandler.R xmlEventParse.R xmlHandler.R xmlInternalSource.R xmlOutputDOM.R xmlNodes.R xmlOutputBuffer.R xmlTree.R xmlTreeParse.R htmlParse.R hashTree.R zzz.R supports.R parser.R libxmlFeatures.R xmlString.R saveXML.R namespaces.R readHTMLTable.R reflection.R xmlToDataFrame.R bitList.R compare.R encoding.R fixNS.R xmlRoot.R serialize.R xmlMemoryMgmt.R keyValueDB.R solrDocs.R XMLRErrorInfo.R xincludes.R namespaceHandlers.R tangle1.R htmlLinks.R htmlLists.R getDependencies.R getRelativeURL.R xmlIncludes.R simplifyPath.R",
      "NeedsCompilation": "yes",
      "Author": "CRAN Team [ctb, cre] (de facto maintainer since 2013), Duncan Temple Lang [aut] (<https://orcid.org/0000-0003-0159-1546>), Tomas Kalibera [ctb]",
      "Maintainer": "CRAN Team <CRAN@r-project.org>",
      "Repository": "CRAN"
    },
    "bitops": {
      "Package": "bitops",
      "Version": "1.0-9",
      "Source": "Repository",
      "Date": "2024-10-03",
      "Authors@R": "c( person(\"Steve\", \"Dutky\", role = \"aut\", email = \"sdutky@terpalum.umd.edu\", comment = \"S original; then (after MM's port) revised and modified\"), person(\"Martin\", \"Maechler\", role = c(\"cre\", \"aut\"), email = \"maechler@stat.math.ethz.ch\", comment = c(\"Initial R port; tweaks\", ORCID = \"0000-0002-8685-9910\")))",
      "Title": "Bitwise Operations",
      "Description": "Functions for bitwise operations on integer vectors.",
      "License": "GPL (>= 2)",
      "URL": "https://github.com/mmaechler/R-bitops",
      "BugReports": "https://github.com/mmaechler/R-bitops/issues",
      "NeedsCompilation": "yes",
      "Author": "Steve Dutky [aut] (S original; then (after MM's port) revised and modified), Martin Maechler [cre, aut] (Initial R port; tweaks, <https://orcid.org/0000-0002-8685-9910>)",
      "Maintainer": "Martin Maechler <maechler@stat.math.ethz.ch>",
      "Repository": "CRAN"
    },
    "gmapsdistance": {
      "Package": "gmapsdistance",
      "Version": "4.0.5",
      "Source": "Repository",
      "Type": "Package",
      "Title": "Distance and Travel Time Between Two Points from Google Maps",
      "Date": "2025-01-11",
      "Authors@R": "c(person(given = c(\"Rodrigo\", \"Azuero\"), family = \"Melo\", role = \"aut\"), person(given = \"David\", family = \"Zarruk\", role = \"aut\"), person(given = \"Jindra\", family = \"Lacko\", role = \"cre\", email = \"jindra.lacko@gmail.com\", comment = c(ORCID = \"0000-0002-0375-5156\")))",
      "URL": "https://github.com/jlacko/gmapsdistance",
      "BugReports": "https://github.com/jlacko/gmapsdistance/issues",
      "Description": "Get distance and travel time between two points from Google Maps. Four possible modes of transportation (bicycling, walking, driving and public transportation).",
      "License": "GPL (>= 3)",
      "Imports": [
        "RCurl",
        "XML",
        "methods"
      ],
      "RoxygenNote": "7.3.2",
      "Encoding": "UTF-8",
      "Suggests": [
        "covr",
        "knitr",
        "rmarkdown",
        "vctrs",
        "testthat (>= 3.0.0)"
      ],
      "Config/testthat/edition": "3",
      "VignetteBuilder": "knitr",
      "NeedsCompilation": "no",
      "Author": "Rodrigo Azuero Melo [aut], David Zarruk [aut], Jindra Lacko [cre] (<https://orcid.org/0000-0002-0375-5156>)",
      "Maintainer": "Jindra Lacko <jindra.lacko@gmail.com>",
      "Repository": "CRAN"
    },
    "pacman": {
      "Package": "pacman",
      "Version": "0.5.1",
      "Source": "Repository",
      "Type": "Package",
      "Title": "Package Management Tool",
      "Authors@R": "c(person(\"Tyler\", \"Rinker\", role = c(\"aut\", \"cre\", \"ctb\"), email = \"tyler.rinker@gmail.com\"), person(\"Dason\", \"Kurkiewicz\", role = c(\"aut\", \"ctb\"), email = \"dasonk@gmail.com\"), person(\"Keith\", \"Hughitt\", role = c(\"ctb\")), person(\"Albert\", \"Wang\", role = c(\"ctb\")), person(\"Garrick\", \"Aden-Buie\", role = c(\"ctb\")), person(\"Albert\", \"Wang\", role = c(\"ctb\")), person(\"Lukas\", \"Burk\", role = c(\"ctb\")))",
      "Depends": [
        "R (>= 3.5.0)"
      ],
      "Imports": [
        "remotes",
        "methods",
        "stats",
        "utils"
      ],
      "Suggests": [
        "BiocManager",
        "knitr",
        "lattice",
        "testthat (>= 0.9.0)",
        "XML"
      ],
      "BugReports": "https://github.com/trinker/pacman/issues?state=open",
      "Description": "Tools to more conveniently perform tasks associated with add-on packages. pacman conveniently wraps library and package related functions and names them in an intuitive and consistent fashion.  It seeks to combine functionality from lower level functions which can speed up workflow.",
      "License": "GPL-2",
      "URL": "https://github.com/trinker/pacman",
      "RoxygenNote": "6.1.1",
      "NeedsCompilation": "no",
      "Author": "Tyler Rinker [aut, cre, ctb], Dason Kurkiewicz [aut, ctb], Keith Hughitt [ctb], Albert Wang [ctb], Garrick Aden-Buie [ctb], Albert Wang [ctb], Lukas Burk [ctb]",
      "Maintainer": "Tyler Rinker <tyler.rinker@gmail.com>",
      "Repository": "CRAN"
    },
    "remotes": {
      "Package": "remotes",
      "Version": "2.5.0",
      "Source": "Repository",
      "Title": "R Package Installation from Remote Repositories, Including 'GitHub'",
      "Authors@R": "c( person(\"Gábor\", \"Csárdi\", , \"csardi.gabor@gmail.com\", role = c(\"aut\", \"cre\")), person(\"Jim\", \"Hester\", role = \"aut\"), person(\"Hadley\", \"Wickham\", role = \"aut\"), person(\"Winston\", \"Chang\", role = \"aut\"), person(\"Martin\", \"Morgan\", role = \"aut\"), person(\"Dan\", \"Tenenbaum\", role = \"aut\"), person(\"Posit Software, PBC\", role = c(\"cph\", \"fnd\")), person(\"Ascent Digital Services\", role = \"cph\") )",
      "Description": "Download and install R packages stored in 'GitHub', 'GitLab', 'Bitbucket', 'Bioconductor', or plain 'subversion' or 'git' repositories.  This package provides the 'install_*' functions in 'devtools'. Indeed most of the code was copied over from 'devtools'.",
      "License": "MIT + file LICENSE",
      "URL": "https://remotes.r-lib.org, https://github.com/r-lib/remotes#readme",
      "BugReports": "https://github.com/r-lib/remotes/issues",
      "Depends": [
        "R (>= 3.0.0)"
      ],
      "Imports": [
        "methods",
        "stats",
        "tools",
        "utils"
      ],
      "Suggests": [
        "brew",
        "callr",
        "codetools",
        "covr",
        "curl",
        "git2r (>= 0.23.0)",
        "knitr",
        "mockery",
        "pingr",
        "pkgbuild (>= 1.0.1)",
        "rmarkdown",
        "rprojroot",
        "testthat (>= 3.0.0)",
        "webfakes",
        "withr"
      ],
      "VignetteBuilder": "knitr",
      "Config/Needs/website": "tidyverse/tidytemplate",
      "Config/testthat/edition": "3",
      "Encoding": "UTF-8",
      "RoxygenNote": "7.2.3",
      "SystemRequirements": "Subversion for install_svn, git for install_git",
      "NeedsCompilation": "no",
      "Author": "Gábor Csárdi [aut, cre], Jim Hester [aut], Hadley Wickham [aut], Winston Chang [aut], Martin Morgan [aut], Dan Tenenbaum [aut], Posit Software, PBC [cph, fnd], Ascent Digital Services [cph]",
      "Maintainer": "Gábor Csárdi <csardi.gabor@gmail.com>",
      "Repository": "CRAN"
    },
    "renv": {
      "Package": "renv",
      "Version": "1.1.1",
      "Source": "Repository",
      "Type": "Package",
      "Title": "Project Environments",
      "Authors@R": "c( person(\"Kevin\", \"Ushey\", role = c(\"aut\", \"cre\"), email = \"kevin@rstudio.com\", comment = c(ORCID = \"0000-0003-2880-7407\")), person(\"Hadley\", \"Wickham\", role = c(\"aut\"), email = \"hadley@rstudio.com\", comment = c(ORCID = \"0000-0003-4757-117X\")), person(\"Posit Software, PBC\", role = c(\"cph\", \"fnd\")) )",
      "Description": "A dependency management toolkit for R. Using 'renv', you can create and manage project-local R libraries, save the state of these libraries to a 'lockfile', and later restore your library as required. Together, these tools can help make your projects more isolated, portable, and reproducible.",
      "License": "MIT + file LICENSE",
      "URL": "https://rstudio.github.io/renv/, https://github.com/rstudio/renv",
      "BugReports": "https://github.com/rstudio/renv/issues",
      "Imports": [
        "utils"
      ],
      "Suggests": [
        "BiocManager",
        "cli",
        "compiler",
        "covr",
        "cpp11",
        "devtools",
        "gitcreds",
        "jsonlite",
        "jsonvalidate",
        "knitr",
        "miniUI",
        "modules",
        "packrat",
        "pak",
        "R6",
        "remotes",
        "reticulate",
        "rmarkdown",
        "rstudioapi",
        "shiny",
        "testthat",
        "uuid",
        "waldo",
        "yaml",
        "webfakes"
      ],
      "Encoding": "UTF-8",
      "RoxygenNote": "7.3.2",
      "VignetteBuilder": "knitr",
      "Config/Needs/website": "tidyverse/tidytemplate",
      "Config/testthat/edition": "3",
      "Config/testthat/parallel": "true",
      "Config/testthat/start-first": "bioconductor,python,install,restore,snapshot,retrieve,remotes",
      "NeedsCompilation": "no",
      "Author": "Kevin Ushey [aut, cre] (<https://orcid.org/0000-0003-2880-7407>), Hadley Wickham [aut] (<https://orcid.org/0000-0003-4757-117X>), Posit Software, PBC [cph, fnd]",
      "Maintainer": "Kevin Ushey <kevin@rstudio.com>",
      "Repository": "CRAN"
    }
  }
}
